
Microsoft Visual Studio Solution File, Format Version 12.00
# Visual Studio Version 16
VisualStudioVersion = 16.0.29709.97
MinimumVisualStudioVersion = 10.0.40219.1
Project("{FAE04EC0-301F-11D3-BF4B-00C04F79EFBC}") = "03e", "03e.csproj", "{DE83E9D5-392B-4F3E-95D2-78A2ED270315}"
EndProject
Global
	GlobalSection(SolutionConfigurationPlatforms) = preSolution
		Debug|Any CPU = Debug|Any CPU
		Release|Any CPU = Release|Any CPU
	EndGlobalSection
	GlobalSection(ProjectConfigurationPlatforms) = postSolution
		{DE83E9D5-392B-4F3E-95D2-78A2ED270315}.Debug|Any CPU.ActiveCfg = Debug|Any CPU
		{DE83E9D5-392B-4F3E-95D2-78A2ED270315}.Debug|Any CPU.Build.0 = Debug|Any CPU
		{DE83E9D5-392B-4F3E-95D2-78A2ED270315}.Release|Any CPU.ActiveCfg = Release|Any CPU
		{DE83E9D5-392B-4F3E-95D2-78A2ED270315}.Release|Any CPU.Build.0 = Release|Any CPU
	EndGlobalSection
	GlobalSection(SolutionProperties) = preSolution
		HideSolutionNode = FALSE
	EndGlobalSection
	GlobalSection(ExtensibilityGlobals) = postSolution
		SolutionGuid = {C3A511CF-B776-45A8-9338-6E3B966296D1}
	EndGlobalSection
EndGlobal
